
Microsoft Visual Studio Solution File, Format Version 12.00
Project("{FAE04EC0-301F-11D3-BF4B-00C04F79EFBC}") = "Abstractions", "Abstractions\Abstractions.csproj", "{720418CD-7D6E-454A-B34A-B1884C035D5E}"
EndProject
Project("{FAE04EC0-301F-11D3-BF4B-00C04F79EFBC}") = "ViewStore.Cache", "Cache\ViewStore.Cache\ViewStore.Cache.csproj", "{877395B0-6222-4B31-BC72-A2535DB9161D}"
EndProject
Project("{FAE04EC0-301F-11D3-BF4B-00C04F79EFBC}") = "Abstraction.Tests", "Abstraction.Tests\Abstraction.Tests.csproj", "{D9DE6D80-5DB8-4EAC-BDC9-6EDE9BA6F81C}"
EndProject
Project("{FAE04EC0-301F-11D3-BF4B-00C04F79EFBC}") = "ViewStore.MongoDb", "MongoDb\ViewStore.MongoDb\ViewStore.MongoDb.csproj", "{816A7A48-3F1A-4DB6-B05F-585E35A84B44}"
EndProject
Project("{FAE04EC0-301F-11D3-BF4B-00C04F79EFBC}") = "ViewStore.MongoDb.Tests", "MongoDb\ViewStore.MongoDb.Tests\ViewStore.MongoDb.Tests.csproj", "{9D360598-440B-4FF2-82C9-9F68071CCE75}"
EndProject
Project("{2150E333-8FDC-42A3-9474-1A3956D46DE8}") = "MongoDb", "MongoDb", "{6B8B487E-8FEF-4EC0-A81F-43F5AF707827}"
EndProject
Project("{2150E333-8FDC-42A3-9474-1A3956D46DE8}") = "InMemory", "InMemory", "{9AE629A4-55EC-4471-B391-91C1D52D5715}"
EndProject
Project("{FAE04EC0-301F-11D3-BF4B-00C04F79EFBC}") = "ViewStore.InMemory", "InMemory\ViewStore.InMemory\ViewStore.InMemory.csproj", "{A6178A7D-0301-47C7-B330-93B5936B4B65}"
EndProject
Project("{FAE04EC0-301F-11D3-BF4B-00C04F79EFBC}") = "ViewStore.InMemory.Tests", "InMemory\ViewStore.InMemory.Tests\ViewStore.InMemory.Tests.csproj", "{D497CA56-C18E-4069-BAA4-6C2295347A2A}"
EndProject
Project("{2150E333-8FDC-42A3-9474-1A3956D46DE8}") = "Cache", "Cache", "{CBDC38B5-99D5-4B12-98FE-E62BA97A0058}"
EndProject
Project("{FAE04EC0-301F-11D3-BF4B-00C04F79EFBC}") = "ViewStore.Cache.Tests", "Cache\ViewStore.Cache.Tests\ViewStore.Cache.Tests.csproj", "{E191226F-DC32-4E96-85F1-749B2CE990BD}"
EndProject
Project("{2150E333-8FDC-42A3-9474-1A3956D46DE8}") = "Samples", "Samples", "{9C716C3D-C029-479B-8291-18434F58B2BB}"
EndProject
Project("{FAE04EC0-301F-11D3-BF4B-00C04F79EFBC}") = "QueueingSystemEventWriter", "Samples\QueueingSystemEventWriter\QueueingSystemEventWriter.csproj", "{9DE143E6-2301-4403-98EE-6D9983699AB6}"
EndProject
Project("{FAE04EC0-301F-11D3-BF4B-00C04F79EFBC}") = "QueueingSystemEventProcessor", "Samples\QueueingSystemEventProcessor\QueueingSystemEventProcessor.csproj", "{59D1E0A5-1488-4466-82EE-0F1D321EC903}"
EndProject
Project("{2150E333-8FDC-42A3-9474-1A3956D46DE8}") = "Postgres", "Postgres", "{92123E73-709A-49B0-8AE0-54CF8DF5D3A2}"
EndProject
Project("{FAE04EC0-301F-11D3-BF4B-00C04F79EFBC}") = "ViewStore.Postgres", "Postgres\ViewStore.Postgres\ViewStore.Postgres.csproj", "{EF3881F2-B6F8-4BBE-9AF6-E6ED1A231D76}"
EndProject
Project("{FAE04EC0-301F-11D3-BF4B-00C04F79EFBC}") = "ViewStore.Postgres.Tests", "Postgres\ViewStore.Postgres.Tests\ViewStore.Postgres.Tests.csproj", "{C87A82DD-AC93-4EF8-8F28-FBDFD25ACAED}"
EndProject
Global
	GlobalSection(SolutionConfigurationPlatforms) = preSolution
		Debug|Any CPU = Debug|Any CPU
		Release|Any CPU = Release|Any CPU
	EndGlobalSection
	GlobalSection(ProjectConfigurationPlatforms) = postSolution
		{720418CD-7D6E-454A-B34A-B1884C035D5E}.Debug|Any CPU.ActiveCfg = Debug|Any CPU
		{720418CD-7D6E-454A-B34A-B1884C035D5E}.Debug|Any CPU.Build.0 = Debug|Any CPU
		{720418CD-7D6E-454A-B34A-B1884C035D5E}.Release|Any CPU.ActiveCfg = Release|Any CPU
		{720418CD-7D6E-454A-B34A-B1884C035D5E}.Release|Any CPU.Build.0 = Release|Any CPU
		{877395B0-6222-4B31-BC72-A2535DB9161D}.Debug|Any CPU.ActiveCfg = Debug|Any CPU
		{877395B0-6222-4B31-BC72-A2535DB9161D}.Debug|Any CPU.Build.0 = Debug|Any CPU
		{877395B0-6222-4B31-BC72-A2535DB9161D}.Release|Any CPU.ActiveCfg = Release|Any CPU
		{877395B0-6222-4B31-BC72-A2535DB9161D}.Release|Any CPU.Build.0 = Release|Any CPU
		{D9DE6D80-5DB8-4EAC-BDC9-6EDE9BA6F81C}.Debug|Any CPU.ActiveCfg = Debug|Any CPU
		{D9DE6D80-5DB8-4EAC-BDC9-6EDE9BA6F81C}.Debug|Any CPU.Build.0 = Debug|Any CPU
		{D9DE6D80-5DB8-4EAC-BDC9-6EDE9BA6F81C}.Release|Any CPU.ActiveCfg = Release|Any CPU
		{D9DE6D80-5DB8-4EAC-BDC9-6EDE9BA6F81C}.Release|Any CPU.Build.0 = Release|Any CPU
		{816A7A48-3F1A-4DB6-B05F-585E35A84B44}.Debug|Any CPU.ActiveCfg = Debug|Any CPU
		{816A7A48-3F1A-4DB6-B05F-585E35A84B44}.Debug|Any CPU.Build.0 = Debug|Any CPU
		{816A7A48-3F1A-4DB6-B05F-585E35A84B44}.Release|Any CPU.ActiveCfg = Release|Any CPU
		{816A7A48-3F1A-4DB6-B05F-585E35A84B44}.Release|Any CPU.Build.0 = Release|Any CPU
		{9D360598-440B-4FF2-82C9-9F68071CCE75}.Debug|Any CPU.ActiveCfg = Debug|Any CPU
		{9D360598-440B-4FF2-82C9-9F68071CCE75}.Debug|Any CPU.Build.0 = Debug|Any CPU
		{9D360598-440B-4FF2-82C9-9F68071CCE75}.Release|Any CPU.ActiveCfg = Release|Any CPU
		{9D360598-440B-4FF2-82C9-9F68071CCE75}.Release|Any CPU.Build.0 = Release|Any CPU
		{A6178A7D-0301-47C7-B330-93B5936B4B65}.Debug|Any CPU.ActiveCfg = Debug|Any CPU
		{A6178A7D-0301-47C7-B330-93B5936B4B65}.Debug|Any CPU.Build.0 = Debug|Any CPU
		{A6178A7D-0301-47C7-B330-93B5936B4B65}.Release|Any CPU.ActiveCfg = Release|Any CPU
		{A6178A7D-0301-47C7-B330-93B5936B4B65}.Release|Any CPU.Build.0 = Release|Any CPU
		{D497CA56-C18E-4069-BAA4-6C2295347A2A}.Debug|Any CPU.ActiveCfg = Debug|Any CPU
		{D497CA56-C18E-4069-BAA4-6C2295347A2A}.Debug|Any CPU.Build.0 = Debug|Any CPU
		{D497CA56-C18E-4069-BAA4-6C2295347A2A}.Release|Any CPU.ActiveCfg = Release|Any CPU
		{D497CA56-C18E-4069-BAA4-6C2295347A2A}.Release|Any CPU.Build.0 = Release|Any CPU
		{E191226F-DC32-4E96-85F1-749B2CE990BD}.Debug|Any CPU.ActiveCfg = Debug|Any CPU
		{E191226F-DC32-4E96-85F1-749B2CE990BD}.Debug|Any CPU.Build.0 = Debug|Any CPU
		{E191226F-DC32-4E96-85F1-749B2CE990BD}.Release|Any CPU.ActiveCfg = Release|Any CPU
		{E191226F-DC32-4E96-85F1-749B2CE990BD}.Release|Any CPU.Build.0 = Release|Any CPU
		{9DE143E6-2301-4403-98EE-6D9983699AB6}.Debug|Any CPU.ActiveCfg = Debug|Any CPU
		{9DE143E6-2301-4403-98EE-6D9983699AB6}.Debug|Any CPU.Build.0 = Debug|Any CPU
		{9DE143E6-2301-4403-98EE-6D9983699AB6}.Release|Any CPU.ActiveCfg = Release|Any CPU
		{9DE143E6-2301-4403-98EE-6D9983699AB6}.Release|Any CPU.Build.0 = Release|Any CPU
		{59D1E0A5-1488-4466-82EE-0F1D321EC903}.Debug|Any CPU.ActiveCfg = Debug|Any CPU
		{59D1E0A5-1488-4466-82EE-0F1D321EC903}.Debug|Any CPU.Build.0 = Debug|Any CPU
		{59D1E0A5-1488-4466-82EE-0F1D321EC903}.Release|Any CPU.ActiveCfg = Release|Any CPU
		{59D1E0A5-1488-4466-82EE-0F1D321EC903}.Release|Any CPU.Build.0 = Release|Any CPU
		{EF3881F2-B6F8-4BBE-9AF6-E6ED1A231D76}.Debug|Any CPU.ActiveCfg = Debug|Any CPU
		{EF3881F2-B6F8-4BBE-9AF6-E6ED1A231D76}.Debug|Any CPU.Build.0 = Debug|Any CPU
		{EF3881F2-B6F8-4BBE-9AF6-E6ED1A231D76}.Release|Any CPU.ActiveCfg = Release|Any CPU
		{EF3881F2-B6F8-4BBE-9AF6-E6ED1A231D76}.Release|Any CPU.Build.0 = Release|Any CPU
		{C87A82DD-AC93-4EF8-8F28-FBDFD25ACAED}.Debug|Any CPU.ActiveCfg = Debug|Any CPU
		{C87A82DD-AC93-4EF8-8F28-FBDFD25ACAED}.Debug|Any CPU.Build.0 = Debug|Any CPU
		{C87A82DD-AC93-4EF8-8F28-FBDFD25ACAED}.Release|Any CPU.ActiveCfg = Release|Any CPU
		{C87A82DD-AC93-4EF8-8F28-FBDFD25ACAED}.Release|Any CPU.Build.0 = Release|Any CPU
	EndGlobalSection
	GlobalSection(NestedProjects) = preSolution
		{816A7A48-3F1A-4DB6-B05F-585E35A84B44} = {6B8B487E-8FEF-4EC0-A81F-43F5AF707827}
		{9D360598-440B-4FF2-82C9-9F68071CCE75} = {6B8B487E-8FEF-4EC0-A81F-43F5AF707827}
		{A6178A7D-0301-47C7-B330-93B5936B4B65} = {9AE629A4-55EC-4471-B391-91C1D52D5715}
		{D497CA56-C18E-4069-BAA4-6C2295347A2A} = {9AE629A4-55EC-4471-B391-91C1D52D5715}
		{877395B0-6222-4B31-BC72-A2535DB9161D} = {CBDC38B5-99D5-4B12-98FE-E62BA97A0058}
		{E191226F-DC32-4E96-85F1-749B2CE990BD} = {CBDC38B5-99D5-4B12-98FE-E62BA97A0058}
		{9DE143E6-2301-4403-98EE-6D9983699AB6} = {9C716C3D-C029-479B-8291-18434F58B2BB}
		{59D1E0A5-1488-4466-82EE-0F1D321EC903} = {9C716C3D-C029-479B-8291-18434F58B2BB}
		{EF3881F2-B6F8-4BBE-9AF6-E6ED1A231D76} = {92123E73-709A-49B0-8AE0-54CF8DF5D3A2}
		{C87A82DD-AC93-4EF8-8F28-FBDFD25ACAED} = {92123E73-709A-49B0-8AE0-54CF8DF5D3A2}
	EndGlobalSection
EndGlobal
