
Microsoft Visual Studio Solution File, Format Version 12.00
Project("{FAE04EC0-301F-11D3-BF4B-00C04F79EFBC}") = "ViewStore.Prometheus", "ViewStore.Prometheus\ViewStore.Prometheus.csproj", "{341FCF4D-1113-4D0B-875C-3AB9CABE2C40}"
EndProject
Project("{FAE04EC0-301F-11D3-BF4B-00C04F79EFBC}") = "ViewStore.Cache", "ViewStore.Cache\ViewStore.Cache.csproj", "{F110EE1D-A9C0-4D45-B8D2-1EA929DBAFE8}"
EndProject
Project("{FAE04EC0-301F-11D3-BF4B-00C04F79EFBC}") = "Tests", "Tests\Tests.csproj", "{830A693D-BE53-4C8F-B5F6-840FC583F4A2}"
EndProject
Project("{2150E333-8FDC-42A3-9474-1A3956D46DE8}") = "Samples", "Samples", "{6058E325-1952-4357-89CA-FFC041EA961B}"
EndProject
Project("{FAE04EC0-301F-11D3-BF4B-00C04F79EFBC}") = "PostgresNoSql", "Samples\PostgresNoSql\PostgresNoSql.csproj", "{775486A1-1E51-4148-8689-897D20127E4C}"
EndProject
Project("{FAE04EC0-301F-11D3-BF4B-00C04F79EFBC}") = "ViewStore.DatabaseProviders.PostgresNoSql", "DatabaseProviders\ViewStore.DatabaseProviders.PostgresNoSql\ViewStore.DatabaseProviders.PostgresNoSql.csproj", "{C0875DAD-3EA9-46DE-B89D-B3CA941A1392}"
EndProject
Project("{2150E333-8FDC-42A3-9474-1A3956D46DE8}") = "DatabaseProviders", "DatabaseProviders", "{E3D45F61-568C-4088-8F0F-9D8BC22DDA9E}"
EndProject
Global
	GlobalSection(SolutionConfigurationPlatforms) = preSolution
		Debug|Any CPU = Debug|Any CPU
		Release|Any CPU = Release|Any CPU
	EndGlobalSection
	GlobalSection(ProjectConfigurationPlatforms) = postSolution
		{341FCF4D-1113-4D0B-875C-3AB9CABE2C40}.Debug|Any CPU.ActiveCfg = Debug|Any CPU
		{341FCF4D-1113-4D0B-875C-3AB9CABE2C40}.Debug|Any CPU.Build.0 = Debug|Any CPU
		{341FCF4D-1113-4D0B-875C-3AB9CABE2C40}.Release|Any CPU.ActiveCfg = Release|Any CPU
		{341FCF4D-1113-4D0B-875C-3AB9CABE2C40}.Release|Any CPU.Build.0 = Release|Any CPU
		{F110EE1D-A9C0-4D45-B8D2-1EA929DBAFE8}.Debug|Any CPU.ActiveCfg = Debug|Any CPU
		{F110EE1D-A9C0-4D45-B8D2-1EA929DBAFE8}.Debug|Any CPU.Build.0 = Debug|Any CPU
		{F110EE1D-A9C0-4D45-B8D2-1EA929DBAFE8}.Release|Any CPU.ActiveCfg = Release|Any CPU
		{F110EE1D-A9C0-4D45-B8D2-1EA929DBAFE8}.Release|Any CPU.Build.0 = Release|Any CPU
		{830A693D-BE53-4C8F-B5F6-840FC583F4A2}.Debug|Any CPU.ActiveCfg = Debug|Any CPU
		{830A693D-BE53-4C8F-B5F6-840FC583F4A2}.Debug|Any CPU.Build.0 = Debug|Any CPU
		{830A693D-BE53-4C8F-B5F6-840FC583F4A2}.Release|Any CPU.ActiveCfg = Release|Any CPU
		{830A693D-BE53-4C8F-B5F6-840FC583F4A2}.Release|Any CPU.Build.0 = Release|Any CPU
		{775486A1-1E51-4148-8689-897D20127E4C}.Debug|Any CPU.ActiveCfg = Debug|Any CPU
		{775486A1-1E51-4148-8689-897D20127E4C}.Debug|Any CPU.Build.0 = Debug|Any CPU
		{775486A1-1E51-4148-8689-897D20127E4C}.Release|Any CPU.ActiveCfg = Release|Any CPU
		{775486A1-1E51-4148-8689-897D20127E4C}.Release|Any CPU.Build.0 = Release|Any CPU
		{C0875DAD-3EA9-46DE-B89D-B3CA941A1392}.Debug|Any CPU.ActiveCfg = Debug|Any CPU
		{C0875DAD-3EA9-46DE-B89D-B3CA941A1392}.Debug|Any CPU.Build.0 = Debug|Any CPU
		{C0875DAD-3EA9-46DE-B89D-B3CA941A1392}.Release|Any CPU.ActiveCfg = Release|Any CPU
		{C0875DAD-3EA9-46DE-B89D-B3CA941A1392}.Release|Any CPU.Build.0 = Release|Any CPU
	EndGlobalSection
	GlobalSection(NestedProjects) = preSolution
		{775486A1-1E51-4148-8689-897D20127E4C} = {6058E325-1952-4357-89CA-FFC041EA961B}
		{C0875DAD-3EA9-46DE-B89D-B3CA941A1392} = {E3D45F61-568C-4088-8F0F-9D8BC22DDA9E}
	EndGlobalSection
EndGlobal
