
Microsoft Visual Studio Solution File, Format Version 12.00
Project("{FAE04EC0-301F-11D3-BF4B-00C04F79EFBC}") = "Abstractions", "Abstractions\Abstractions.csproj", "{720418CD-7D6E-454A-B34A-B1884C035D5E}"
EndProject
Project("{FAE04EC0-301F-11D3-BF4B-00C04F79EFBC}") = "WriteThroughCache", "WriteThroughCache\WriteThroughCache.csproj", "{877395B0-6222-4B31-BC72-A2535DB9161D}"
EndProject
Project("{FAE04EC0-301F-11D3-BF4B-00C04F79EFBC}") = "Tests", "Tests\Tests.csproj", "{D9DE6D80-5DB8-4EAC-BDC9-6EDE9BA6F81C}"
EndProject
Project("{FAE04EC0-301F-11D3-BF4B-00C04F79EFBC}") = "MongoDb", "MongoDb\MongoDb.csproj", "{816A7A48-3F1A-4DB6-B05F-585E35A84B44}"
EndProject
Project("{FAE04EC0-301F-11D3-BF4B-00C04F79EFBC}") = "ReadThroughCache", "ReadThroughCache\ReadThroughCache.csproj", "{2D21273D-FCE6-4BF1-BE27-434A8212C9AE}"
EndProject
Global
	GlobalSection(SolutionConfigurationPlatforms) = preSolution
		Debug|Any CPU = Debug|Any CPU
		Release|Any CPU = Release|Any CPU
	EndGlobalSection
	GlobalSection(ProjectConfigurationPlatforms) = postSolution
		{720418CD-7D6E-454A-B34A-B1884C035D5E}.Debug|Any CPU.ActiveCfg = Debug|Any CPU
		{720418CD-7D6E-454A-B34A-B1884C035D5E}.Debug|Any CPU.Build.0 = Debug|Any CPU
		{720418CD-7D6E-454A-B34A-B1884C035D5E}.Release|Any CPU.ActiveCfg = Release|Any CPU
		{720418CD-7D6E-454A-B34A-B1884C035D5E}.Release|Any CPU.Build.0 = Release|Any CPU
		{877395B0-6222-4B31-BC72-A2535DB9161D}.Debug|Any CPU.ActiveCfg = Debug|Any CPU
		{877395B0-6222-4B31-BC72-A2535DB9161D}.Debug|Any CPU.Build.0 = Debug|Any CPU
		{877395B0-6222-4B31-BC72-A2535DB9161D}.Release|Any CPU.ActiveCfg = Release|Any CPU
		{877395B0-6222-4B31-BC72-A2535DB9161D}.Release|Any CPU.Build.0 = Release|Any CPU
		{D9DE6D80-5DB8-4EAC-BDC9-6EDE9BA6F81C}.Debug|Any CPU.ActiveCfg = Debug|Any CPU
		{D9DE6D80-5DB8-4EAC-BDC9-6EDE9BA6F81C}.Debug|Any CPU.Build.0 = Debug|Any CPU
		{D9DE6D80-5DB8-4EAC-BDC9-6EDE9BA6F81C}.Release|Any CPU.ActiveCfg = Release|Any CPU
		{D9DE6D80-5DB8-4EAC-BDC9-6EDE9BA6F81C}.Release|Any CPU.Build.0 = Release|Any CPU
		{816A7A48-3F1A-4DB6-B05F-585E35A84B44}.Debug|Any CPU.ActiveCfg = Debug|Any CPU
		{816A7A48-3F1A-4DB6-B05F-585E35A84B44}.Debug|Any CPU.Build.0 = Debug|Any CPU
		{816A7A48-3F1A-4DB6-B05F-585E35A84B44}.Release|Any CPU.ActiveCfg = Release|Any CPU
		{816A7A48-3F1A-4DB6-B05F-585E35A84B44}.Release|Any CPU.Build.0 = Release|Any CPU
		{2D21273D-FCE6-4BF1-BE27-434A8212C9AE}.Debug|Any CPU.ActiveCfg = Debug|Any CPU
		{2D21273D-FCE6-4BF1-BE27-434A8212C9AE}.Debug|Any CPU.Build.0 = Debug|Any CPU
		{2D21273D-FCE6-4BF1-BE27-434A8212C9AE}.Release|Any CPU.ActiveCfg = Release|Any CPU
		{2D21273D-FCE6-4BF1-BE27-434A8212C9AE}.Release|Any CPU.Build.0 = Release|Any CPU
	EndGlobalSection
EndGlobal
